{
  "name": "mojProjektNW",
  "lockfileVersion": 3,
  "requires": true,
  "packages": {
    "": {
      "name": "mojProjektNW",
      "dependencies": {
        "mojProjektNW": "file:"
      }
    },
    "node_modules/mojProjektNW": {
      "resolved": "",
      "link": true
    }
  }
}
